
Microsoft Visual Studio Solution File, Format Version 12.00
# Visual Studio Version 16
VisualStudioVersion = 25.0.1706.8
MinimumVisualStudioVersion = 10.0.40219.1
Project("{FAE04EC0-301F-11D3-BF4B-00C04F79EFBC}") = "carsGame", "carsGame\carsGame.csproj", "{8EC5B342-7C5D-4EF9-B88D-B855C5CCB6AD}"
EndProject
Global
	GlobalSection(SolutionConfigurationPlatforms) = preSolution
		Debug|Any CPU = Debug|Any CPU
		Release|Any CPU = Release|Any CPU
	EndGlobalSection
	GlobalSection(ProjectConfigurationPlatforms) = postSolution
		{8EC5B342-7C5D-4EF9-B88D-B855C5CCB6AD}.Debug|Any CPU.ActiveCfg = Debug|Any CPU
		{8EC5B342-7C5D-4EF9-B88D-B855C5CCB6AD}.Debug|Any CPU.Build.0 = Debug|Any CPU
		{8EC5B342-7C5D-4EF9-B88D-B855C5CCB6AD}.Release|Any CPU.ActiveCfg = Release|Any CPU
		{8EC5B342-7C5D-4EF9-B88D-B855C5CCB6AD}.Release|Any CPU.Build.0 = Release|Any CPU
	EndGlobalSection
	GlobalSection(SolutionProperties) = preSolution
		HideSolutionNode = FALSE
	EndGlobalSection
	GlobalSection(ExtensibilityGlobals) = postSolution
		SolutionGuid = {C71AB646-94DE-4B82-A29F-009A5B56B915}
	EndGlobalSection
EndGlobal
